
Microsoft Visual Studio Solution File, Format Version 12.00
# Visual Studio Version 17
VisualStudioVersion = 17.5.002.0
MinimumVisualStudioVersion = 10.0.40219.1
Project("{9A19103F-16F7-4668-BE54-9A1E7A4F7556}") = "ProjetoNico", "ProjetoNico.csproj", "{A77E1E46-72C0-4911-A90A-172CBA920B14}"
EndProject
Global
	GlobalSection(SolutionConfigurationPlatforms) = preSolution
		Debug|Any CPU = Debug|Any CPU
		Release|Any CPU = Release|Any CPU
	EndGlobalSection
	GlobalSection(ProjectConfigurationPlatforms) = postSolution
		{A77E1E46-72C0-4911-A90A-172CBA920B14}.Debug|Any CPU.ActiveCfg = Debug|Any CPU
		{A77E1E46-72C0-4911-A90A-172CBA920B14}.Debug|Any CPU.Build.0 = Debug|Any CPU
		{A77E1E46-72C0-4911-A90A-172CBA920B14}.Release|Any CPU.ActiveCfg = Release|Any CPU
		{A77E1E46-72C0-4911-A90A-172CBA920B14}.Release|Any CPU.Build.0 = Release|Any CPU
	EndGlobalSection
	GlobalSection(SolutionProperties) = preSolution
		HideSolutionNode = FALSE
	EndGlobalSection
	GlobalSection(ExtensibilityGlobals) = postSolution
		SolutionGuid = {EAC28FBB-EE83-439E-AB46-36A0FDC151A7}
	EndGlobalSection
EndGlobal
